
Microsoft Visual Studio Solution File, Format Version 11.00
# Visual Studio 2010
Project("{FAE04EC0-301F-11D3-BF4B-00C04F79EFBC}") = "Notedown", "Notedown\Notedown.csproj", "{EB803292-6FC3-4B14-BA01-012B8CBC8C50}"
EndProject
Project("{FAE04EC0-301F-11D3-BF4B-00C04F79EFBC}") = "Notedown.Windows", "Notedown.Windows\Notedown.Windows.csproj", "{EF466848-A734-453D-8B7C-174BD5FC4F7F}"
EndProject
Project("{FAE04EC0-301F-11D3-BF4B-00C04F79EFBC}") = "Notedown.Linux", "Notedown.Linux\Notedown.Linux.csproj", "{462725DB-44CD-46E4-8CBB-BEA6DA5B09C7}"
EndProject
Project("{FAE04EC0-301F-11D3-BF4B-00C04F79EFBC}") = "Notedown.Mac", "Notedown.Mac\Notedown.Mac.csproj", "{D7D1A4F4-FF0F-4F8C-85FD-BFBC2EE89FE4}"
EndProject
Global
	GlobalSection(SolutionConfigurationPlatforms) = preSolution
		Debug|Any CPU = Debug|Any CPU
		Release|Any CPU = Release|Any CPU
	EndGlobalSection
	GlobalSection(ProjectConfigurationPlatforms) = postSolution
		{462725DB-44CD-46E4-8CBB-BEA6DA5B09C7}.Debug|Any CPU.ActiveCfg = Debug|Any CPU
		{462725DB-44CD-46E4-8CBB-BEA6DA5B09C7}.Debug|Any CPU.Build.0 = Debug|Any CPU
		{462725DB-44CD-46E4-8CBB-BEA6DA5B09C7}.Release|Any CPU.ActiveCfg = Release|Any CPU
		{462725DB-44CD-46E4-8CBB-BEA6DA5B09C7}.Release|Any CPU.Build.0 = Release|Any CPU
		{D7D1A4F4-FF0F-4F8C-85FD-BFBC2EE89FE4}.Debug|Any CPU.ActiveCfg = Debug|Any CPU
		{D7D1A4F4-FF0F-4F8C-85FD-BFBC2EE89FE4}.Debug|Any CPU.Build.0 = Debug|Any CPU
		{D7D1A4F4-FF0F-4F8C-85FD-BFBC2EE89FE4}.Release|Any CPU.ActiveCfg = Release|Any CPU
		{D7D1A4F4-FF0F-4F8C-85FD-BFBC2EE89FE4}.Release|Any CPU.Build.0 = Release|Any CPU
		{EB803292-6FC3-4B14-BA01-012B8CBC8C50}.Debug|Any CPU.ActiveCfg = Debug|Any CPU
		{EB803292-6FC3-4B14-BA01-012B8CBC8C50}.Debug|Any CPU.Build.0 = Debug|Any CPU
		{EB803292-6FC3-4B14-BA01-012B8CBC8C50}.Release|Any CPU.ActiveCfg = Release|Any CPU
		{EB803292-6FC3-4B14-BA01-012B8CBC8C50}.Release|Any CPU.Build.0 = Release|Any CPU
		{EF466848-A734-453D-8B7C-174BD5FC4F7F}.Debug|Any CPU.ActiveCfg = Debug|Any CPU
		{EF466848-A734-453D-8B7C-174BD5FC4F7F}.Debug|Any CPU.Build.0 = Debug|Any CPU
		{EF466848-A734-453D-8B7C-174BD5FC4F7F}.Release|Any CPU.ActiveCfg = Release|Any CPU
		{EF466848-A734-453D-8B7C-174BD5FC4F7F}.Release|Any CPU.Build.0 = Release|Any CPU
	EndGlobalSection
	GlobalSection(MonoDevelopProperties) = preSolution
		StartupItem = Notedown.Linux\Notedown.Linux.csproj
		Policies = $0
		$0.TextStylePolicy = $1
		$1.FileWidth = 120
		$1.inheritsSet = VisualStudio
		$1.inheritsScope = text/plain
		$1.scope = text/plain
		$0.TextStylePolicy = $2
		$2.inheritsSet = null
		$2.scope = text/x-csharp
		$0.CSharpFormattingPolicy = $3
		$3.IndentSwitchBody = True
		$3.AnonymousMethodBraceStyle = NextLine
		$3.PropertyBraceStyle = NextLine
		$3.PropertyGetBraceStyle = NextLine
		$3.PropertySetBraceStyle = NextLine
		$3.EventBraceStyle = NextLine
		$3.EventAddBraceStyle = NextLine
		$3.EventRemoveBraceStyle = NextLine
		$3.StatementBraceStyle = NextLine
		$3.ElseNewLinePlacement = NewLine
		$3.CatchNewLinePlacement = NewLine
		$3.FinallyNewLinePlacement = NewLine
		$3.WhileNewLinePlacement = DoNotCare
		$3.ArrayInitializerWrapping = DoNotChange
		$3.ArrayInitializerBraceStyle = NextLine
		$3.BeforeMethodDeclarationParentheses = False
		$3.BeforeMethodCallParentheses = False
		$3.BeforeConstructorDeclarationParentheses = False
		$3.NewLineBeforeConstructorInitializerColon = NewLine
		$3.NewLineAfterConstructorInitializerColon = SameLine
		$3.BeforeDelegateDeclarationParentheses = False
		$3.NewParentheses = False
		$3.SpacesBeforeBrackets = False
		$3.inheritsSet = Mono
		$3.inheritsScope = text/x-csharp
		$3.scope = text/x-csharp
		$0.DotNetNamingPolicy = $4
		$4.DirectoryNamespaceAssociation = PrefixedHierarchical
		$4.ResourceNamePolicy = MSBuild
	EndGlobalSection
EndGlobal
