
Microsoft Visual Studio Solution File, Format Version 11.00
# Visual Studio 2010
Project("{FAE04EC0-301F-11D3-BF4B-00C04F79EFBC}") = "Notedown", "Notedown\Notedown.csproj", "{EB803292-6FC3-4B14-BA01-012B8CBC8C50}"
EndProject
Global
	GlobalSection(SolutionConfigurationPlatforms) = preSolution
		Debug|Any CPU = Debug|Any CPU
		Release|Any CPU = Release|Any CPU
	EndGlobalSection
	GlobalSection(ProjectConfigurationPlatforms) = postSolution
		{EB803292-6FC3-4B14-BA01-012B8CBC8C50}.Debug|Any CPU.ActiveCfg = Debug|Any CPU
		{EB803292-6FC3-4B14-BA01-012B8CBC8C50}.Debug|Any CPU.Build.0 = Debug|Any CPU
		{EB803292-6FC3-4B14-BA01-012B8CBC8C50}.Release|Any CPU.ActiveCfg = Release|Any CPU
		{EB803292-6FC3-4B14-BA01-012B8CBC8C50}.Release|Any CPU.Build.0 = Release|Any CPU
	EndGlobalSection
	GlobalSection(MonoDevelopProperties) = preSolution
		StartupItem = Notedown\Notedown.csproj
	EndGlobalSection
EndGlobal
